// !$*UTF8*$!
{
	archiveVersion = 1;
	classes = {
	};
	objectVersion = 50;
	objects = {

/* Begin PBXBuildFile section */
		A9BB31D4267E175E00D3264A /* AppDelegate.swift in Sources */ = {isa = PBXBuildFile; fileRef = A9BB31D3267E175E00D3264A /* AppDelegate.swift */; };
		A9BB31D6267E175E00D3264A /* SceneDelegate.swift in Sources */ = {isa = PBXBuildFile; fileRef = A9BB31D5267E175E00D3264A /* SceneDelegate.swift */; };
		A9BB31D8267E175E00D3264A /* ViewController.swift in Sources */ = {isa = PBXBuildFile; fileRef = A9BB31D7267E175E00D3264A /* ViewController.swift */; };
		A9BB31DB267E175E00D3264A /* Main.storyboard in Resources */ = {isa = PBXBuildFile; fileRef = A9BB31D9267E175E00D3264A /* Main.storyboard */; };
		A9BB31DD267E176000D3264A /* Assets.xcassets in Resources */ = {isa = PBXBuildFile; fileRef = A9BB31DC267E176000D3264A /* Assets.xcassets */; };
		A9BB31E0267E176000D3264A /* LaunchScreen.storyboard in Resources */ = {isa = PBXBuildFile; fileRef = A9BB31DE267E176000D3264A /* LaunchScreen.storyboard */; };
		A9BB31EA2680BF1B00D3264A /* alarm_sound.mp3 in Resources */ = {isa = PBXBuildFile; fileRef = A9BB31E92680BF1B00D3264A /* alarm_sound.mp3 */; };
/* End PBXBuildFile section */

/* Begin PBXFileReference section */
		A9BB31D0267E175E00D3264A /* How Long.app */ = {isa = PBXFileReference; explicitFileType = wrapper.application; includeInIndex = 0; path = "How Long.app"; sourceTree = BUILT_PRODUCTS_DIR; };
		A9BB31D3267E175E00D3264A /* AppDelegate.swift */ = {isa = PBXFileReference; lastKnownFileType = sourcecode.swift; path = AppDelegate.swift; sourceTree = "<group>"; };
		A9BB31D5267E175E00D3264A /* SceneDelegate.swift */ = {isa = PBXFileReference; lastKnownFileType = sourcecode.swift; path = SceneDelegate.swift; sourceTree = "<group>"; };
		A9BB31D7267E175E00D3264A /* ViewController.swift */ = {isa = PBXFileReference; lastKnownFileType = sourcecode.swift; path = ViewController.swift; sourceTree = "<group>"; };
		A9BB31DA267E175E00D3264A /* Base */ = {isa = PBXFileReference; lastKnownFileType = file.storyboard; name = Base; path = Base.lproj/Main.storyboard; sourceTree = "<group>"; };
		A9BB31DC267E176000D3264A /* Assets.xcassets */ = {isa = PBXFileReference; lastKnownFileType = folder.assetcatalog; path = Assets.xcassets; sourceTree = "<group>"; };
		A9BB31DF267E176000D3264A /* Base */ = {isa = PBXFileReference; lastKnownFileType = file.storyboard; name = Base; path = Base.lproj/LaunchScreen.storyboard; sourceTree = "<group>"; };
		A9BB31E1267E176000D3264A /* Info.plist */ = {isa = PBXFileReference; lastKnownFileType = text.plist.xml; path = Info.plist; sourceTree = "<group>"; };
		A9BB31E92680BF1B00D3264A /* alarm_sound.mp3 */ = {isa = PBXFileReference; lastKnownFileType = audio.mp3; path = alarm_sound.mp3; sourceTree = "<group>"; };
/* End PBXFileReference section */

/* Begin PBXFrameworksBuildPhase section */
		A9BB31CD267E175E00D3264A /* Frameworks */ = {
			isa = PBXFrameworksBuildPhase;
			buildActionMask = 2147483647;
			files = (
			);
			runOnlyForDeploymentPostprocessing = 0;
		};
/* End PBXFrameworksBuildPhase section */

/* Begin PBXGroup section */
		A9BB31C7267E175E00D3264A = {
			isa = PBXGroup;
			children = (
				A9BB31D2267E175E00D3264A /* How Long */,
				A9BB31D1267E175E00D3264A /* Products */,
			);
			sourceTree = "<group>";
		};
		A9BB31D1267E175E00D3264A /* Products */ = {
			isa = PBXGroup;
			children = (
				A9BB31D0267E175E00D3264A /* How Long.app */,
			);
			name = Products;
			sourceTree = "<group>";
		};
		A9BB31D2267E175E00D3264A /* How Long */ = {
			isa = PBXGroup;
			children = (
				A9BB31D3267E175E00D3264A /* AppDelegate.swift */,
				A9BB31D5267E175E00D3264A /* SceneDelegate.swift */,
				A9BB31D7267E175E00D3264A /* ViewController.swift */,
				A9BB31E92680BF1B00D3264A /* alarm_sound.mp3 */,
				A9BB31D9267E175E00D3264A /* Main.storyboard */,
				A9BB31DC267E176000D3264A /* Assets.xcassets */,
				A9BB31DE267E176000D3264A /* LaunchScreen.storyboard */,
				A9BB31E1267E176000D3264A /* Info.plist */,
			);
			path = "How Long";
			sourceTree = "<group>";
		};
/* End PBXGroup section */

/* Begin PBXNativeTarget section */
		A9BB31CF267E175E00D3264A /* How Long */ = {
			isa = PBXNativeTarget;
			buildConfigurationList = A9BB31E4267E176000D3264A /* Build configuration list for PBXNativeTarget "How Long" */;
			buildPhases = (
				A9BB31CC267E175E00D3264A /* Sources */,
				A9BB31CD267E175E00D3264A /* Frameworks */,
				A9BB31CE267E175E00D3264A /* Resources */,
			);
			buildRules = (
			);
			dependencies = (
			);
			name = "How Long";
			productName = "How Long";
			productReference = A9BB31D0267E175E00D3264A /* How Long.app */;
			productType = "com.apple.product-type.application";
		};
/* End PBXNativeTarget section */

/* Begin PBXProject section */
		A9BB31C8267E175E00D3264A /* Project object */ = {
			isa = PBXProject;
			attributes = {
				LastSwiftUpdateCheck = 1250;
				LastUpgradeCheck = 1250;
				TargetAttributes = {
					A9BB31CF267E175E00D3264A = {
						CreatedOnToolsVersion = 12.5;
					};
				};
			};
			buildConfigurationList = A9BB31CB267E175E00D3264A /* Build configuration list for PBXProject "How Long" */;
			compatibilityVersion = "Xcode 9.3";
			developmentRegion = en;
			hasScannedForEncodings = 0;
			knownRegions = (
				en,
				Base,
			);
			mainGroup = A9BB31C7267E175E00D3264A;
			productRefGroup = A9BB31D1267E175E00D3264A /* Products */;
			projectDirPath = "";
			projectRoot = "";
			targets = (
				A9BB31CF267E175E00D3264A /* How Long */,
			);
		};
/* End PBXProject section */

/* Begin PBXResourcesBuildPhase section */
		A9BB31CE267E175E00D3264A /* Resources */ = {
			isa = PBXResourcesBuildPhase;
			buildActionMask = 2147483647;
			files = (
				A9BB31E0267E176000D3264A /* LaunchScreen.storyboard in Resources */,
				A9BB31DD267E176000D3264A /* Assets.xcassets in Resources */,
				A9BB31EA2680BF1B00D3264A /* alarm_sound.mp3 in Resources */,
				A9BB31DB267E175E00D3264A /* Main.storyboard in Resources */,
			);
			runOnlyForDeploymentPostprocessing = 0;
		};
/* End PBXResourcesBuildPhase section */

/* Begin PBXSourcesBuildPhase section */
		A9BB31CC267E175E00D3264A /* Sources */ = {
			isa = PBXSourcesBuildPhase;
			buildActionMask = 2147483647;
			files = (
				A9BB31D8267E175E00D3264A /* ViewController.swift in Sources */,
				A9BB31D4267E175E00D3264A /* AppDelegate.swift in Sources */,
				A9BB31D6267E175E00D3264A /* SceneDelegate.swift in Sources */,
			);
			runOnlyForDeploymentPostprocessing = 0;
		};
/* End PBXSourcesBuildPhase section */

/* Begin PBXVariantGroup section */
		A9BB31D9267E175E00D3264A /* Main.storyboard */ = {
			isa = PBXVariantGroup;
			children = (
				A9BB31DA267E175E00D3264A /* Base */,
			);
			name = Main.storyboard;
			sourceTree = "<group>";
		};
		A9BB31DE267E176000D3264A /* LaunchScreen.storyboard */ = {
			isa = PBXVariantGroup;
			children = (
				A9BB31DF267E176000D3264A /* Base */,
			);
			name = LaunchScreen.storyboard;
			sourceTree = "<group>";
		};
/* End PBXVariantGroup section */

/* Begin XCBuildConfiguration section */
		A9BB31E2267E176000D3264A /* Debug */ = {
			isa = XCBuildConfiguration;
			buildSettings = {
				ALWAYS_SEARCH_USER_PATHS = NO;
				CLANG_ANALYZER_NONNULL = YES;
				CLANG_ANALYZER_NUMBER_OBJECT_CONVERSION = YES_AGGRESSIVE;
				CLANG_CXX_LANGUAGE_STANDARD = "gnu++14";
				CLANG_CXX_LIBRARY = "libc++";
				CLANG_ENABLE_MODULES = YES;
				CLANG_ENABLE_OBJC_ARC = YES;
				CLANG_ENABLE_OBJC_WEAK = YES;
				CLANG_WARN_BLOCK_CAPTURE_AUTORELEASING = YES;
				CLANG_WARN_BOOL_CONVERSION = YES;
				CLANG_WARN_COMMA = YES;
				CLANG_WARN_CONSTANT_CONVERSION = YES;
				CLANG_WARN_DEPRECATED_OBJC_IMPLEMENTATIONS = YES;
				CLANG_WARN_DIRECT_OBJC_ISA_USAGE = YES_ERROR;
				CLANG_WARN_DOCUMENTATION_COMMENTS = YES;
				CLANG_WARN_EMPTY_BODY = YES;
				CLANG_WARN_ENUM_CONVERSION = YES;
				CLANG_WARN_INFINITE_RECURSION = YES;
				CLANG_WARN_INT_CONVERSION = YES;
				CLANG_WARN_NON_LITERAL_NULL_CONVERSION = YES;
				CLANG_WARN_OBJC_IMPLICIT_RETAIN_SELF = YES;
				CLANG_WARN_OBJC_LITERAL_CONVERSION = YES;
				CLANG_WARN_OBJC_ROOT_CLASS = YES_ERROR;
				CLANG_WARN_QUOTED_INCLUDE_IN_FRAMEWORK_HEADER = YES;
				CLANG_WARN_RANGE_LOOP_ANALYSIS = YES;
				CLANG_WARN_STRICT_PROTOTYPES = YES;
				CLANG_WARN_SUSPICIOUS_MOVE = YES;
				CLANG_WARN_UNGUARDED_AVAILABILITY = YES_AGGRESSIVE;
				CLANG_WARN_UNREACHABLE_CODE = YES;
				CLANG_WARN__DUPLICATE_METHOD_MATCH = YES;
				COPY_PHASE_STRIP = NO;
				DEBUG_INFORMATION_FORMAT = dwarf;
				ENABLE_STRICT_OBJC_MSGSEND = YES;
				ENABLE_TESTABILITY = YES;
				GCC_C_LANGUAGE_STANDARD = gnu11;
				GCC_DYNAMIC_NO_PIC = NO;
				GCC_NO_COMMON_BLOCKS = YES;
				GCC_OPTIMIZATION_LEVEL = 0;
				GCC_PREPROCESSOR_DEFINITIONS = (
					"DEBUG=1",
					"$(inherited)",
				);
				GCC_WARN_64_TO_32_BIT_CONVERSION = YES;
				GCC_WARN_ABOUT_RETURN_TYPE = YES_ERROR;
				GCC_WARN_UNDECLARED_SELECTOR = YES;
				GCC_WARN_UNINITIALIZED_AUTOS = YES_AGGRESSIVE;
				GCC_WARN_UNUSED_FUNCTION = YES;
				GCC_WARN_UNUSED_VARIABLE = YES;
				IPHONEOS_DEPLOYMENT_TARGET = 14.5;
				MTL_ENABLE_DEBUG_INFO = INCLUDE_SOURCE;
				MTL_FAST_MATH = YES;
				ONLY_ACTIVE_ARCH = YES;
				SDKROOT = iphoneos;
				SWIFT_ACTIVE_COMPILATION_CONDITIONS = DEBUG;
				SWIFT_OPTIMIZATION_LEVEL = "-Onone";
			};
			name = Debug;
		};
		A9BB31E3267E176000D3264A /* Release */ = {
			isa = XCBuildConfiguration;
			buildSettings = {
				ALWAYS_SEARCH_USER_PATHS = NO;
				CLANG_ANALYZER_NONNULL = YES;
				CLANG_ANALYZER_NUMBER_OBJECT_CONVERSION = YES_AGGRESSIVE;
				CLANG_CXX_LANGUAGE_STANDARD = "gnu++14";
				CLANG_CXX_LIBRARY = "libc++";
				CLANG_ENABLE_MODULES = YES;
				CLANG_ENABLE_OBJC_ARC = YES;
				CLANG_ENABLE_OBJC_WEAK = YES;
				CLANG_WARN_BLOCK_CAPTURE_AUTORELEASING = YES;
				CLANG_WARN_BOOL_CONVERSION = YES;
				CLANG_WARN_COMMA = YES;
				CLANG_WARN_CONSTANT_CONVERSION = YES;
				CLANG_WARN_DEPRECATED_OBJC_IMPLEMENTATIONS = YES;
				CLANG_WARN_DIRECT_OBJC_ISA_USAGE = YES_ERROR;
				CLANG_WARN_DOCUMENTATION_COMMENTS = YES;
				CLANG_WARN_EMPTY_BODY = YES;
				CLANG_WARN_ENUM_CONVERSION = YES;
				CLANG_WARN_INFINITE_RECURSION = YES;
				CLANG_WARN_INT_CONVERSION = YES;
				CLANG_WARN_NON_LITERAL_NULL_CONVERSION = YES;
				CLANG_WARN_OBJC_IMPLICIT_RETAIN_SELF = YES;
				CLANG_WARN_OBJC_LITERAL_CONVERSION = YES;
				CLANG_WARN_OBJC_ROOT_CLASS = YES_ERROR;
				CLANG_WARN_QUOTED_INCLUDE_IN_FRAMEWORK_HEADER = YES;
				CLANG_WARN_RANGE_LOOP_ANALYSIS = YES;
				CLANG_WARN_STRICT_PROTOTYPES = YES;
				CLANG_WARN_SUSPICIOUS_MOVE = YES;
				CLANG_WARN_UNGUARDED_AVAILABILITY = YES_AGGRESSIVE;
				CLANG_WARN_UNREACHABLE_CODE = YES;
				CLANG_WARN__DUPLICATE_METHOD_MATCH = YES;
				COPY_PHASE_STRIP = NO;
				DEBUG_INFORMATION_FORMAT = "dwarf-with-dsym";
				ENABLE_NS_ASSERTIONS = NO;
				ENABLE_STRICT_OBJC_MSGSEND = YES;
				GCC_C_LANGUAGE_STANDARD = gnu11;
				GCC_NO_COMMON_BLOCKS = YES;
				GCC_WARN_64_TO_32_BIT_CONVERSION = YES;
				GCC_WARN_ABOUT_RETURN_TYPE = YES_ERROR;
				GCC_WARN_UNDECLARED_SELECTOR = YES;
				GCC_WARN_UNINITIALIZED_AUTOS = YES_AGGRESSIVE;
				GCC_WARN_UNUSED_FUNCTION = YES;
				GCC_WARN_UNUSED_VARIABLE = YES;
				IPHONEOS_DEPLOYMENT_TARGET = 14.5;
				MTL_ENABLE_DEBUG_INFO = NO;
				MTL_FAST_MATH = YES;
				SDKROOT = iphoneos;
				SWIFT_COMPILATION_MODE = wholemodule;
				SWIFT_OPTIMIZATION_LEVEL = "-O";
				VALIDATE_PRODUCT = YES;
			};
			name = Release;
		};
		A9BB31E5267E176000D3264A /* Debug */ = {
			isa = XCBuildConfiguration;
			buildSettings = {
				ASSETCATALOG_COMPILER_APPICON_NAME = AppIcon;
				ASSETCATALOG_COMPILER_GLOBAL_ACCENT_COLOR_NAME = AccentColor;
				CODE_SIGN_STYLE = Automatic;
				DEVELOPMENT_TEAM = T96J4T386J;
				INFOPLIST_FILE = "How Long/Info.plist";
				LD_RUNPATH_SEARCH_PATHS = (
					"$(inherited)",
					"@executable_path/Frameworks",
				);
				PRODUCT_BUNDLE_IDENTIFIER = "com.ballwebdev.How-Long";
				PRODUCT_NAME = "$(TARGET_NAME)";
				SWIFT_VERSION = 5.0;
				TARGETED_DEVICE_FAMILY = "1,2";
			};
			name = Debug;
		};
		A9BB31E6267E176000D3264A /* Release */ = {
			isa = XCBuildConfiguration;
			buildSettings = {
				ASSETCATALOG_COMPILER_APPICON_NAME = AppIcon;
				ASSETCATALOG_COMPILER_GLOBAL_ACCENT_COLOR_NAME = AccentColor;
				CODE_SIGN_STYLE = Automatic;
				DEVELOPMENT_TEAM = T96J4T386J;
				INFOPLIST_FILE = "How Long/Info.plist";
				LD_RUNPATH_SEARCH_PATHS = (
					"$(inherited)",
					"@executable_path/Frameworks",
				);
				PRODUCT_BUNDLE_IDENTIFIER = "com.ballwebdev.How-Long";
				PRODUCT_NAME = "$(TARGET_NAME)";
				SWIFT_VERSION = 5.0;
				TARGETED_DEVICE_FAMILY = "1,2";
			};
			name = Release;
		};
/* End XCBuildConfiguration section */

/* Begin XCConfigurationList section */
		A9BB31CB267E175E00D3264A /* Build configuration list for PBXProject "How Long" */ = {
			isa = XCConfigurationList;
			buildConfigurations = (
				A9BB31E2267E176000D3264A /* Debug */,
				A9BB31E3267E176000D3264A /* Release */,
			);
			defaultConfigurationIsVisible = 0;
			defaultConfigurationName = Release;
		};
		A9BB31E4267E176000D3264A /* Build configuration list for PBXNativeTarget "How Long" */ = {
			isa = XCConfigurationList;
			buildConfigurations = (
				A9BB31E5267E176000D3264A /* Debug */,
				A9BB31E6267E176000D3264A /* Release */,
			);
			defaultConfigurationIsVisible = 0;
			defaultConfigurationName = Release;
		};
/* End XCConfigurationList section */
	};
	rootObject = A9BB31C8267E175E00D3264A /* Project object */;
}
